%{
  "axon": {:git, "https://github.com/elixir-nx/axon.git", "bcafdefec821dab1db6f7b947d8fd79db4d23379", []},
  "bumblebee": {:hex, :bumblebee, "0.3.0", "ad6294b39b8fb2212620e9ed9fbebc936c574ae146d3f49b3e855e1254f7c981", [:mix], [{:axon, "~> 0.5.0", [hex: :axon, repo: "hexpm", optional: false]}, {:castore, "~> 0.1 or ~> 1.0", [hex: :castore, repo: "hexpm", optional: false]}, {:jason, "~> 1.4.0", [hex: :jason, repo: "hexpm", optional: false]}, {:nx, "~> 0.5.0", [hex: :nx, repo: "hexpm", optional: false]}, {:nx_image, "~> 0.1.0", [hex: :nx_image, repo: "hexpm", optional: false]}, {:nx_signal, "~> 0.1.0", [hex: :nx_signal, repo: "hexpm", optional: false]}, {:progress_bar, "~> 2.0", [hex: :progress_bar, repo: "hexpm", optional: false]}, {:tokenizers, "~> 0.3.1", [hex: :tokenizers, repo: "hexpm", optional: false]}, {:unpickler, "~> 0.1.0", [hex: :unpickler, repo: "hexpm", optional: false]}, {:unzip, "0.8.0", [hex: :unzip, repo: "hexpm", optional: false]}], "hexpm", "477ed5e15d4a5b18343086bed83e2990ca2ba67e0dc9e2d57518bda4cca4c95e"},
  "castore": {:hex, :castore, "1.0.3", "7130ba6d24c8424014194676d608cb989f62ef8039efd50ff4b3f33286d06db8", [:mix], [], "hexpm", "680ab01ef5d15b161ed6a95449fac5c6b8f60055677a8e79acf01b27baa4390b"},
  "cc_precompiler": {:hex, :cc_precompiler, "0.1.7", "77de20ac77f0e53f20ca82c563520af0237c301a1ec3ab3bc598e8a96c7ee5d9", [:mix], [{:elixir_make, "~> 0.7.3", [hex: :elixir_make, repo: "hexpm", optional: false]}], "hexpm", "2768b28bf3c2b4f788c995576b39b8cb5d47eb788526d93bd52206c1d8bf4b75"},
  "complex": {:hex, :complex, "0.5.0", "af2d2331ff6170b61bb738695e481b27a66780e18763e066ee2cd863d0b1dd92", [:mix], [], "hexpm", "2683bd3c184466cfb94fad74cbfddfaa94b860e27ad4ca1bffe3bff169d91ef1"},
  "decimal": {:hex, :decimal, "2.1.1", "5611dca5d4b2c3dd497dec8f68751f1f1a54755e8ed2a966c2633cf885973ad6", [:mix], [], "hexpm", "53cfe5f497ed0e7771ae1a475575603d77425099ba5faef9394932b35020ffcc"},
  "dll_loader_helper": {:hex, :dll_loader_helper, "0.1.10", "ba85d66f82c1748513dbaee71aa9d0593bb9a65dba246b980753c4d683b0a07b", [:make, :mix], [{:castore, ">= 0.0.0", [hex: :castore, repo: "hexpm", optional: false]}, {:cc_precompiler, "~> 0.1", [hex: :cc_precompiler, repo: "hexpm", optional: false]}], "hexpm", "c0d02a2d8cd0085252f7551a343f89060bb7beb3f303d991e46a7370ed257485"},
  "earmark_parser": {:hex, :earmark_parser, "1.4.32", "fa739a0ecfa34493de19426681b23f6814573faee95dfd4b4aafe15a7b5b32c6", [:mix], [], "hexpm", "b8b0dd77d60373e77a3d7e8afa598f325e49e8663a51bcc2b88ef41838cca755"},
  "elixir_make": {:hex, :elixir_make, "0.7.7", "7128c60c2476019ed978210c245badf08b03dbec4f24d05790ef791da11aa17c", [:mix], [{:castore, "~> 0.1 or ~> 1.0", [hex: :castore, repo: "hexpm", optional: true]}], "hexpm", "5bc19fff950fad52bbe5f211b12db9ec82c6b34a9647da0c2224b8b8464c7e6c"},
  "ex_doc": {:hex, :ex_doc, "0.29.4", "6257ecbb20c7396b1fe5accd55b7b0d23f44b6aa18017b415cb4c2b91d997729", [:mix], [{:earmark_parser, "~> 1.4.31", [hex: :earmark_parser, repo: "hexpm", optional: false]}, {:makeup_elixir, "~> 0.14", [hex: :makeup_elixir, repo: "hexpm", optional: false]}, {:makeup_erlang, "~> 0.1", [hex: :makeup_erlang, repo: "hexpm", optional: false]}], "hexpm", "2c6699a737ae46cb61e4ed012af931b57b699643b24dabe2400a8168414bc4f5"},
  "exla": {:git, "https://github.com/elixir-nx/nx.git", "219c23ecd75f93a7ad714e9b7b1e01d4a0bdf4bd", [sparse: "exla"]},
  "jason": {:hex, :jason, "1.4.0", "e855647bc964a44e2f67df589ccf49105ae039d4179db7f6271dfd3843dc27e6", [:mix], [{:decimal, "~> 1.0 or ~> 2.0", [hex: :decimal, repo: "hexpm", optional: true]}], "hexpm", "79a3791085b2a0f743ca04cec0f7be26443738779d09302e01318f97bdb82121"},
  "kino": {:hex, :kino, "0.9.3", "4f5b89009c45361cf72680cc4254dbc638bcbee41477c244c0b2aeb87656da98", [:mix], [{:nx, "~> 0.1", [hex: :nx, repo: "hexpm", optional: true]}, {:table, "~> 0.1.2", [hex: :table, repo: "hexpm", optional: false]}], "hexpm", "534bfc84fb48787323d39b9037d9159072337af5194bfa5749645b1fe8a9a8de"},
  "kino_vega_lite": {:hex, :kino_vega_lite, "0.1.8", "ec7e97778d6b774591e4cbf7fd27850abf7c0f5e9133a3d13e069aadfa04b5e3", [:mix], [{:kino, "~> 0.7", [hex: :kino, repo: "hexpm", optional: false]}, {:table, "~> 0.1.0", [hex: :table, repo: "hexpm", optional: false]}, {:vega_lite, "~> 0.1.4", [hex: :vega_lite, repo: "hexpm", optional: false]}], "hexpm", "0bc3135a77550ea5c5bd7bfb1fb215416ebddbbc8b1e280e6de39366cd17a2f8"},
  "makeup": {:hex, :makeup, "1.1.0", "6b67c8bc2882a6b6a445859952a602afc1a41c2e08379ca057c0f525366fc3ca", [:mix], [{:nimble_parsec, "~> 1.2.2 or ~> 1.3", [hex: :nimble_parsec, repo: "hexpm", optional: false]}], "hexpm", "0a45ed501f4a8897f580eabf99a2e5234ea3e75a4373c8a52824f6e873be57a6"},
  "makeup_elixir": {:hex, :makeup_elixir, "0.16.1", "cc9e3ca312f1cfeccc572b37a09980287e243648108384b97ff2b76e505c3555", [:mix], [{:makeup, "~> 1.0", [hex: :makeup, repo: "hexpm", optional: false]}, {:nimble_parsec, "~> 1.2.3 or ~> 1.3", [hex: :nimble_parsec, repo: "hexpm", optional: false]}], "hexpm", "e127a341ad1b209bd80f7bd1620a15693a9908ed780c3b763bccf7d200c767c6"},
  "makeup_erlang": {:hex, :makeup_erlang, "0.1.1", "3fcb7f09eb9d98dc4d208f49cc955a34218fc41ff6b84df7c75b3e6e533cc65f", [:mix], [{:makeup, "~> 1.0", [hex: :makeup, repo: "hexpm", optional: false]}], "hexpm", "174d0809e98a4ef0b3309256cbf97101c6ec01c4ab0b23e926a9e17df2077cbb"},
  "nimble_options": {:hex, :nimble_options, "1.0.2", "92098a74df0072ff37d0c12ace58574d26880e522c22801437151a159392270e", [:mix], [], "hexpm", "fd12a8db2021036ce12a309f26f564ec367373265b53e25403f0ee697380f1b8"},
  "nimble_parsec": {:hex, :nimble_parsec, "1.3.1", "2c54013ecf170e249e9291ed0a62e5832f70a476c61da16f6aac6dca0189f2af", [:mix], [], "hexpm", "2682e3c0b2eb58d90c6375fc0cc30bc7be06f365bf72608804fb9cffa5e1b167"},
  "nx": {:git, "https://github.com/elixir-nx/nx.git", "219c23ecd75f93a7ad714e9b7b1e01d4a0bdf4bd", [sparse: "nx"]},
  "nx_image": {:hex, :nx_image, "0.1.1", "69cf0d2fd873d12b028583aa49b5e0a25f6aca307afc337a5d871851a20fba1d", [:mix], [{:nx, "~> 0.4", [hex: :nx, repo: "hexpm", optional: false]}], "hexpm", "55c8206a822237f6027168f11214e3887263c5b8a1f8e0634eea82c96e5093e3"},
  "nx_signal": {:hex, :nx_signal, "0.1.0", "403ac73140e2f368e827e0aca1a3035abaf6d890b00376742b359a6838e00d7f", [:mix], [{:nx, "~> 0.5", [hex: :nx, repo: "hexpm", optional: false]}], "hexpm", "1c68f2f0d186700819287f37ee6154a11e06bf5dbb30b73fcc92776293309a05"},
  "progress_bar": {:hex, :progress_bar, "2.0.1", "7b40200112ae533d5adceb80ff75fbe66dc753bca5f6c55c073bfc122d71896d", [:mix], [{:decimal, "~> 2.0", [hex: :decimal, repo: "hexpm", optional: false]}], "hexpm", "2519eb58a2f149a3a094e729378256d8cb6d96a259ec94841bd69fdc71f18f87"},
  "rustler_precompiled": {:hex, :rustler_precompiled, "0.6.1", "160b545bce8bf9a3f1b436b2c10f53574036a0db628e40f393328cbbe593602f", [:mix], [{:castore, "~> 0.1 or ~> 1.0", [hex: :castore, repo: "hexpm", optional: false]}, {:rustler, "~> 0.23", [hex: :rustler, repo: "hexpm", optional: true]}], "hexpm", "0dd269fa261c4e3df290b12031c575fff07a542749f7b0e8b744d72d66c43600"},
  "scholar": {:git, "https://github.com/elixir-nx/scholar.git", "7f2d814358f32956f4c9b04270ee32b304010e70", []},
  "table": {:hex, :table, "0.1.2", "87ad1125f5b70c5dea0307aa633194083eb5182ec537efc94e96af08937e14a8", [:mix], [], "hexpm", "7e99bc7efef806315c7e65640724bf165c3061cdc5d854060f74468367065029"},
  "table_rex": {:hex, :table_rex, "3.1.1", "0c67164d1714b5e806d5067c1e96ff098ba7ae79413cc075973e17c38a587caa", [:mix], [], "hexpm", "678a23aba4d670419c23c17790f9dcd635a4a89022040df7d5d772cb21012490"},
  "telemetry": {:hex, :telemetry, "1.2.1", "68fdfe8d8f05a8428483a97d7aab2f268aaff24b49e0f599faa091f1d4e7f61c", [:rebar3], [], "hexpm", "dad9ce9d8effc621708f99eac538ef1cbe05d6a874dd741de2e689c47feafed5"},
  "tokenizers": {:hex, :tokenizers, "0.3.2", "78c6238690a0467c613c8ba3c59338235594a78f870e8f8151b9614516dee0fd", [:mix], [{:castore, "~> 0.1 or ~> 1.0", [hex: :castore, repo: "hexpm", optional: false]}, {:rustler, ">= 0.0.0", [hex: :rustler, repo: "hexpm", optional: true]}, {:rustler_precompiled, "~> 0.6", [hex: :rustler_precompiled, repo: "hexpm", optional: false]}], "hexpm", "f6dd9a798e81cf2f3359e1731836ed0a351cae4da5d5d570a7ef3d0543e9cf85"},
  "torchx": {:hex, :torchx, "0.5.3", "3d4413970a3674d3707ed9e2da3850d9e20558e10b35b2637afc5a772f981fbf", [:make, :mix], [{:dll_loader_helper, "~> 0.1.0", [hex: :dll_loader_helper, repo: "hexpm", optional: false]}, {:elixir_make, "~> 0.6", [hex: :elixir_make, repo: "hexpm", optional: false]}, {:nx, "~> 0.5.1", [hex: :nx, repo: "hexpm", optional: false]}], "hexpm", "04997201e059af2699bdd2e5698fd766154c472c17fc8977a069542d0291759f"},
  "unpickler": {:hex, :unpickler, "0.1.0", "c2262c0819e6985b761e7107546cef96a485f401816be5304a65fdd200d5bd6a", [:mix], [], "hexpm", "e2b3f61e62406187ac52afead8a63bfb4e49394028993f3c4c42712743cab79e"},
  "unzip": {:hex, :unzip, "0.8.0", "ee21d87c21b01567317387dab4228ac570ca15b41cfc221a067354cbf8e68c4d", [:mix], [], "hexpm", "ffa67a483efcedcb5876971a50947222e104d5f8fea2c4a0441e6f7967854827"},
  "vega_lite": {:hex, :vega_lite, "0.1.7", "1f1ad850821335702958f7351ca52808a5a109f9ce35fd5c14f9613970bad140", [:mix], [{:table, "~> 0.1.0", [hex: :table, repo: "hexpm", optional: false]}], "hexpm", "3932382ed5ad77c08c27abc45137257e9a86897916cef1a0da148632c6a91e30"},
  "xla": {:hex, :xla, "0.4.4", "c3a8ed1f579bda949df505e49ff65415c8281d991fbd6ae1d8f3c5d0fd155f54", [:make, :mix], [{:elixir_make, "~> 0.4", [hex: :elixir_make, repo: "hexpm", optional: false]}], "hexpm", "484f3f9011db3c9f1ff1e98eecefd382f3882a07ada540fd58803db1d2dab671"},
}
