%{
  "axon": {:git, "https://github.com/elixir-nx/axon.git", "07765ed7de0b0541a6b542535f32c94bd2db01d0", []},
  "complex": {:hex, :complex, "0.5.0", "af2d2331ff6170b61bb738695e481b27a66780e18763e066ee2cd863d0b1dd92", [:mix], [], "hexpm", "2683bd3c184466cfb94fad74cbfddfaa94b860e27ad4ca1bffe3bff169d91ef1"},
  "elixir_make": {:hex, :elixir_make, "0.7.5", "784cc00f5fa24239067cc04d449437dcc5f59353c44eb08f188b2b146568738a", [:mix], [{:castore, "~> 0.1", [hex: :castore, repo: "hexpm", optional: true]}], "hexpm", "c3d63e8d5c92fa3880d89ecd41de59473fa2e83eeb68148155e25e8b95aa2887"},
  "exla": {:git, "https://github.com/elixir-nx/nx.git", "39e32ee6a97a06b01bd4f53930bfb90e0fddd9a8", [sparse: "exla"]},
  "jason": {:hex, :jason, "1.4.0", "e855647bc964a44e2f67df589ccf49105ae039d4179db7f6271dfd3843dc27e6", [:mix], [{:decimal, "~> 1.0 or ~> 2.0", [hex: :decimal, repo: "hexpm", optional: true]}], "hexpm", "79a3791085b2a0f743ca04cec0f7be26443738779d09302e01318f97bdb82121"},
  "kino": {:hex, :kino, "0.8.1", "da3b2cba121b7542146cffdb8af055fa0129395fa67aead9e7e3df93aed1f107", [:mix], [{:nx, "~> 0.1", [hex: :nx, repo: "hexpm", optional: true]}, {:table, "~> 0.1.2", [hex: :table, repo: "hexpm", optional: false]}], "hexpm", "da45dd141db30db18973de0e3398bda3ab8cb0b5da58d6a0debbe5b864aba295"},
  "kino_vega_lite": {:hex, :kino_vega_lite, "0.1.7", "c93fdfe6e35c4c5a4f8afd51a89786b2187e5a7da4595b13ea02a4329d9f0976", [:mix], [{:kino, "~> 0.7", [hex: :kino, repo: "hexpm", optional: false]}, {:table, "~> 0.1.0", [hex: :table, repo: "hexpm", optional: false]}, {:vega_lite, "~> 0.1.4", [hex: :vega_lite, repo: "hexpm", optional: false]}], "hexpm", "59ee442f0532266749d15dc9af4e2875bec61ccfa1b07636bc396ee63dfde8e7"},
  "nimble_options": {:hex, :nimble_options, "1.0.1", "b448018287b22584e91b5fd9c6c0ad717cb4bcdaa457957c8d57770f56625c43", [:mix], [], "hexpm", "078b2927cd9f84555be6386d56e849b0c555025ecccf7afee00ab6a9e6f63837"},
  "nx": {:git, "https://github.com/elixir-nx/nx.git", "39e32ee6a97a06b01bd4f53930bfb90e0fddd9a8", [sparse: "nx"]},
  "scholar": {:git, "https://github.com/elixir-nx/scholar.git", "8592e2a2c64ce643ea0c62e00d124af60b0c896b", []},
  "table": {:hex, :table, "0.1.2", "87ad1125f5b70c5dea0307aa633194083eb5182ec537efc94e96af08937e14a8", [:mix], [], "hexpm", "7e99bc7efef806315c7e65640724bf165c3061cdc5d854060f74468367065029"},
  "table_rex": {:hex, :table_rex, "3.1.1", "0c67164d1714b5e806d5067c1e96ff098ba7ae79413cc075973e17c38a587caa", [:mix], [], "hexpm", "678a23aba4d670419c23c17790f9dcd635a4a89022040df7d5d772cb21012490"},
  "telemetry": {:hex, :telemetry, "1.2.1", "68fdfe8d8f05a8428483a97d7aab2f268aaff24b49e0f599faa091f1d4e7f61c", [:rebar3], [], "hexpm", "dad9ce9d8effc621708f99eac538ef1cbe05d6a874dd741de2e689c47feafed5"},
  "vega_lite": {:hex, :vega_lite, "0.1.6", "145ab4908bc890b02cef3526e890e9b899528eaa7aa9d6fa642b52a8a2c682c6", [:mix], [{:table, "~> 0.1.0", [hex: :table, repo: "hexpm", optional: false]}], "hexpm", "078c0d8cd9a8eca4ae8f9527c45c01d69cefb6b2235fd5179a227ac2f031d7ac"},
  "xla": {:hex, :xla, "0.4.4", "c3a8ed1f579bda949df505e49ff65415c8281d991fbd6ae1d8f3c5d0fd155f54", [:make, :mix], [{:elixir_make, "~> 0.4", [hex: :elixir_make, repo: "hexpm", optional: false]}], "hexpm", "484f3f9011db3c9f1ff1e98eecefd382f3882a07ada540fd58803db1d2dab671"},
}
